
Microsoft Visual Studio Solution File, Format Version 12.00
# Visual Studio Version 16
VisualStudioVersion = 16.0.31005.135
MinimumVisualStudioVersion = 10.0.40219.1
Project("{2150E333-8FDC-42A3-9474-1A3956D46DE8}") = "Solution Items", "Solution Items", "{DAAE2601-93F3-4F41-B39D-1F9796CFD154}"
	ProjectSection(SolutionItems) = preProject
		..\.github\workflows\dotnet.yml = ..\.github\workflows\dotnet.yml
		..\README.md = ..\README.md
	EndProjectSection
EndProject
Project("{9A19103F-16F7-4668-BE54-9A1E7A4F7556}") = "SmartFamily.Gedcom", "src\SmartFamily.Gedcom\SmartFamily.Gedcom.csproj", "{3FD9E63F-8137-453D-ADA5-B139F7DE24D6}"
EndProject
Project("{9A19103F-16F7-4668-BE54-9A1E7A4F7556}") = "SmartFamily.Gedcom.Tests", "test\SmartFamily.Gedcom.Tests\SmartFamily.Gedcom.Tests.csproj", "{EC04F6AD-C2EE-41A4-A904-E980206D00E7}"
EndProject
Global
	GlobalSection(SolutionConfigurationPlatforms) = preSolution
		Debug|Any CPU = Debug|Any CPU
		Release|Any CPU = Release|Any CPU
	EndGlobalSection
	GlobalSection(ProjectConfigurationPlatforms) = postSolution
		{3FD9E63F-8137-453D-ADA5-B139F7DE24D6}.Debug|Any CPU.ActiveCfg = Debug|Any CPU
		{3FD9E63F-8137-453D-ADA5-B139F7DE24D6}.Debug|Any CPU.Build.0 = Debug|Any CPU
		{3FD9E63F-8137-453D-ADA5-B139F7DE24D6}.Release|Any CPU.ActiveCfg = Release|Any CPU
		{3FD9E63F-8137-453D-ADA5-B139F7DE24D6}.Release|Any CPU.Build.0 = Release|Any CPU
		{EC04F6AD-C2EE-41A4-A904-E980206D00E7}.Debug|Any CPU.ActiveCfg = Debug|Any CPU
		{EC04F6AD-C2EE-41A4-A904-E980206D00E7}.Debug|Any CPU.Build.0 = Debug|Any CPU
		{EC04F6AD-C2EE-41A4-A904-E980206D00E7}.Release|Any CPU.ActiveCfg = Release|Any CPU
		{EC04F6AD-C2EE-41A4-A904-E980206D00E7}.Release|Any CPU.Build.0 = Release|Any CPU
	EndGlobalSection
	GlobalSection(SolutionProperties) = preSolution
		HideSolutionNode = FALSE
	EndGlobalSection
	GlobalSection(ExtensibilityGlobals) = postSolution
		SolutionGuid = {53E8B700-32B5-44CA-881B-777D36F20856}
	EndGlobalSection
EndGlobal
