
Microsoft Visual Studio Solution File, Format Version 12.00
# Visual Studio Version 16
VisualStudioVersion = 16.0.31005.135
MinimumVisualStudioVersion = 10.0.40219.1
Project("{9A19103F-16F7-4668-BE54-9A1E7A4F7556}") = "GedcomTest", "GedcomTest\GedcomTest.csproj", "{040DC513-FB90-49A3-838C-4FD5C4FABE4F}"
EndProject
Project("{9A19103F-16F7-4668-BE54-9A1E7A4F7556}") = "SmartFamily.Gedcom", "SmartFamily.Gedcom\SmartFamily.Gedcom.csproj", "{60749BBA-2A64-4D16-A2B4-B6E3C76B7921}"
EndProject
Global
	GlobalSection(SolutionConfigurationPlatforms) = preSolution
		Debug|Any CPU = Debug|Any CPU
		Release|Any CPU = Release|Any CPU
	EndGlobalSection
	GlobalSection(ProjectConfigurationPlatforms) = postSolution
		{040DC513-FB90-49A3-838C-4FD5C4FABE4F}.Debug|Any CPU.ActiveCfg = Debug|Any CPU
		{040DC513-FB90-49A3-838C-4FD5C4FABE4F}.Debug|Any CPU.Build.0 = Debug|Any CPU
		{040DC513-FB90-49A3-838C-4FD5C4FABE4F}.Release|Any CPU.ActiveCfg = Release|Any CPU
		{040DC513-FB90-49A3-838C-4FD5C4FABE4F}.Release|Any CPU.Build.0 = Release|Any CPU
		{60749BBA-2A64-4D16-A2B4-B6E3C76B7921}.Debug|Any CPU.ActiveCfg = Debug|Any CPU
		{60749BBA-2A64-4D16-A2B4-B6E3C76B7921}.Debug|Any CPU.Build.0 = Debug|Any CPU
		{60749BBA-2A64-4D16-A2B4-B6E3C76B7921}.Release|Any CPU.ActiveCfg = Release|Any CPU
		{60749BBA-2A64-4D16-A2B4-B6E3C76B7921}.Release|Any CPU.Build.0 = Release|Any CPU
	EndGlobalSection
	GlobalSection(SolutionProperties) = preSolution
		HideSolutionNode = FALSE
	EndGlobalSection
	GlobalSection(ExtensibilityGlobals) = postSolution
		SolutionGuid = {53E8B700-32B5-44CA-881B-777D36F20856}
	EndGlobalSection
EndGlobal
